// !$*UTF8*$!
{
	archiveVersion = 1;
	classes = {
	};
	objectVersion = 77;
	objects = {

/* Begin PBXBuildFile section */
		928CA9B02EBF3A4C00DAAF61 /* PickupPlayer.txt in Resources */ = {isa = PBXBuildFile; fileRef = 928CA9AF2EBF3A4C00DAAF61 /* PickupPlayer.txt */; };
/* End PBXBuildFile section */

/* Begin PBXContainerItemProxy section */
		92CA0F932EBC6B5C000582DB /* PBXContainerItemProxy */ = {
			isa = PBXContainerItemProxy;
			containerPortal = 92CA0F7D2EBC6B5B000582DB /* Project object */;
			proxyType = 1;
			remoteGlobalIDString = 92CA0F842EBC6B5B000582DB;
			remoteInfo = AudioFilePlayer;
		};
		92CA0F9D2EBC6B5C000582DB /* PBXContainerItemProxy */ = {
			isa = PBXContainerItemProxy;
			containerPortal = 92CA0F7D2EBC6B5B000582DB /* Project object */;
			proxyType = 1;
			remoteGlobalIDString = 92CA0F842EBC6B5B000582DB;
			remoteInfo = AudioFilePlayer;
		};
/* End PBXContainerItemProxy section */

/* Begin PBXFileReference section */
		928CA9AF2EBF3A4C00DAAF61 /* PickupPlayer.txt */ = {isa = PBXFileReference; lastKnownFileType = text; path = PickupPlayer.txt; sourceTree = "<group>"; };
		92CA0F852EBC6B5B000582DB /* PickupPlayer.app */ = {isa = PBXFileReference; explicitFileType = wrapper.application; includeInIndex = 0; path = PickupPlayer.app; sourceTree = BUILT_PRODUCTS_DIR; };
		92CA0F922EBC6B5C000582DB /* PickupPlayerTests.xctest */ = {isa = PBXFileReference; explicitFileType = wrapper.cfbundle; includeInIndex = 0; path = PickupPlayerTests.xctest; sourceTree = BUILT_PRODUCTS_DIR; };
		92CA0F9C2EBC6B5C000582DB /* PickupPlayerUITests.xctest */ = {isa = PBXFileReference; explicitFileType = wrapper.cfbundle; includeInIndex = 0; path = PickupPlayerUITests.xctest; sourceTree = BUILT_PRODUCTS_DIR; };
/* End PBXFileReference section */

/* Begin PBXFileSystemSynchronizedBuildFileExceptionSet section */
		928CAA302EC02AF600DAAF61 /* Exceptions for "PickupPlayer" folder in "PickupPlayer" target */ = {
			isa = PBXFileSystemSynchronizedBuildFileExceptionSet;
			membershipExceptions = (
				Info.plist,
			);
			target = 92CA0F842EBC6B5B000582DB /* PickupPlayer */;
		};
/* End PBXFileSystemSynchronizedBuildFileExceptionSet section */

/* Begin PBXFileSystemSynchronizedRootGroup section */
		92CA0F872EBC6B5B000582DB /* PickupPlayer */ = {
			isa = PBXFileSystemSynchronizedRootGroup;
			exceptions = (
				928CAA302EC02AF600DAAF61 /* Exceptions for "PickupPlayer" folder in "PickupPlayer" target */,
			);
			path = PickupPlayer;
			sourceTree = "<group>";
		};
		92CA0F952EBC6B5C000582DB /* PickupPlayerTests */ = {
			isa = PBXFileSystemSynchronizedRootGroup;
			path = PickupPlayerTests;
			sourceTree = "<group>";
		};
		92CA0F9F2EBC6B5C000582DB /* PickupPlayerUITests */ = {
			isa = PBXFileSystemSynchronizedRootGroup;
			path = PickupPlayerUITests;
			sourceTree = "<group>";
		};
/* End PBXFileSystemSynchronizedRootGroup section */

/* Begin PBXFrameworksBuildPhase section */
		92CA0F822EBC6B5B000582DB /* Frameworks */ = {
			isa = PBXFrameworksBuildPhase;
			buildActionMask = 2147483647;
			files = (
			);
			runOnlyForDeploymentPostprocessing = 0;
		};
		92CA0F8F2EBC6B5C000582DB /* Frameworks */ = {
			isa = PBXFrameworksBuildPhase;
			buildActionMask = 2147483647;
			files = (
			);
			runOnlyForDeploymentPostprocessing = 0;
		};
		92CA0F992EBC6B5C000582DB /* Frameworks */ = {
			isa = PBXFrameworksBuildPhase;
			buildActionMask = 2147483647;
			files = (
			);
			runOnlyForDeploymentPostprocessing = 0;
		};
/* End PBXFrameworksBuildPhase section */

/* Begin PBXGroup section */
		92CA0F7C2EBC6B5B000582DB = {
			isa = PBXGroup;
			children = (
				928CA9AF2EBF3A4C00DAAF61 /* PickupPlayer.txt */,
				92CA0F872EBC6B5B000582DB /* PickupPlayer */,
				92CA0F952EBC6B5C000582DB /* PickupPlayerTests */,
				92CA0F9F2EBC6B5C000582DB /* PickupPlayerUITests */,
				92CA0F862EBC6B5B000582DB /* Products */,
			);
			sourceTree = "<group>";
		};
		92CA0F862EBC6B5B000582DB /* Products */ = {
			isa = PBXGroup;
			children = (
				92CA0F852EBC6B5B000582DB /* PickupPlayer.app */,
				92CA0F922EBC6B5C000582DB /* PickupPlayerTests.xctest */,
				92CA0F9C2EBC6B5C000582DB /* PickupPlayerUITests.xctest */,
			);
			name = Products;
			sourceTree = "<group>";
		};
/* End PBXGroup section */

/* Begin PBXNativeTarget section */
		92CA0F842EBC6B5B000582DB /* PickupPlayer */ = {
			isa = PBXNativeTarget;
			buildConfigurationList = 92CA0FA62EBC6B5C000582DB /* Build configuration list for PBXNativeTarget "PickupPlayer" */;
			buildPhases = (
				92CA0F812EBC6B5B000582DB /* Sources */,
				92CA0F822EBC6B5B000582DB /* Frameworks */,
				92CA0F832EBC6B5B000582DB /* Resources */,
			);
			buildRules = (
			);
			dependencies = (
			);
			fileSystemSynchronizedGroups = (
				92CA0F872EBC6B5B000582DB /* PickupPlayer */,
			);
			name = PickupPlayer;
			packageProductDependencies = (
			);
			productName = AudioFilePlayer;
			productReference = 92CA0F852EBC6B5B000582DB /* PickupPlayer.app */;
			productType = "com.apple.product-type.application";
		};
		92CA0F912EBC6B5C000582DB /* PickupPlayerTests */ = {
			isa = PBXNativeTarget;
			buildConfigurationList = 92CA0FA92EBC6B5C000582DB /* Build configuration list for PBXNativeTarget "PickupPlayerTests" */;
			buildPhases = (
				92CA0F8E2EBC6B5C000582DB /* Sources */,
				92CA0F8F2EBC6B5C000582DB /* Frameworks */,
				92CA0F902EBC6B5C000582DB /* Resources */,
			);
			buildRules = (
			);
			dependencies = (
				92CA0F942EBC6B5C000582DB /* PBXTargetDependency */,
			);
			fileSystemSynchronizedGroups = (
				92CA0F952EBC6B5C000582DB /* PickupPlayerTests */,
			);
			name = PickupPlayerTests;
			packageProductDependencies = (
			);
			productName = AudioFilePlayerTests;
			productReference = 92CA0F922EBC6B5C000582DB /* PickupPlayerTests.xctest */;
			productType = "com.apple.product-type.bundle.unit-test";
		};
		92CA0F9B2EBC6B5C000582DB /* PickupPlayerUITests */ = {
			isa = PBXNativeTarget;
			buildConfigurationList = 92CA0FAC2EBC6B5C000582DB /* Build configuration list for PBXNativeTarget "PickupPlayerUITests" */;
			buildPhases = (
				92CA0F982EBC6B5C000582DB /* Sources */,
				92CA0F992EBC6B5C000582DB /* Frameworks */,
				92CA0F9A2EBC6B5C000582DB /* Resources */,
			);
			buildRules = (
			);
			dependencies = (
				92CA0F9E2EBC6B5C000582DB /* PBXTargetDependency */,
			);
			fileSystemSynchronizedGroups = (
				92CA0F9F2EBC6B5C000582DB /* PickupPlayerUITests */,
			);
			name = PickupPlayerUITests;
			packageProductDependencies = (
			);
			productName = AudioFilePlayerUITests;
			productReference = 92CA0F9C2EBC6B5C000582DB /* PickupPlayerUITests.xctest */;
			productType = "com.apple.product-type.bundle.ui-testing";
		};
/* End PBXNativeTarget section */

/* Begin PBXProject section */
		92CA0F7D2EBC6B5B000582DB /* Project object */ = {
			isa = PBXProject;
			attributes = {
				BuildIndependentTargetsInParallel = 1;
				LastSwiftUpdateCheck = 2610;
				LastUpgradeCheck = 2610;
				TargetAttributes = {
					92CA0F842EBC6B5B000582DB = {
						CreatedOnToolsVersion = 26.1;
					};
					92CA0F912EBC6B5C000582DB = {
						CreatedOnToolsVersion = 26.1;
						TestTargetID = 92CA0F842EBC6B5B000582DB;
					};
					92CA0F9B2EBC6B5C000582DB = {
						CreatedOnToolsVersion = 26.1;
						TestTargetID = 92CA0F842EBC6B5B000582DB;
					};
				};
			};
			buildConfigurationList = 92CA0F802EBC6B5B000582DB /* Build configuration list for PBXProject "PickupPlayer" */;
			developmentRegion = en;
			hasScannedForEncodings = 0;
			knownRegions = (
				en,
				Base,
			);
			mainGroup = 92CA0F7C2EBC6B5B000582DB;
			minimizedProjectReferenceProxies = 1;
			preferredProjectObjectVersion = 77;
			productRefGroup = 92CA0F862EBC6B5B000582DB /* Products */;
			projectDirPath = "";
			projectRoot = "";
			targets = (
				92CA0F842EBC6B5B000582DB /* PickupPlayer */,
				92CA0F912EBC6B5C000582DB /* PickupPlayerTests */,
				92CA0F9B2EBC6B5C000582DB /* PickupPlayerUITests */,
			);
		};
/* End PBXProject section */

/* Begin PBXResourcesBuildPhase section */
		92CA0F832EBC6B5B000582DB /* Resources */ = {
			isa = PBXResourcesBuildPhase;
			buildActionMask = 2147483647;
			files = (
				928CA9B02EBF3A4C00DAAF61 /* PickupPlayer.txt in Resources */,
			);
			runOnlyForDeploymentPostprocessing = 0;
		};
		92CA0F902EBC6B5C000582DB /* Resources */ = {
			isa = PBXResourcesBuildPhase;
			buildActionMask = 2147483647;
			files = (
			);
			runOnlyForDeploymentPostprocessing = 0;
		};
		92CA0F9A2EBC6B5C000582DB /* Resources */ = {
			isa = PBXResourcesBuildPhase;
			buildActionMask = 2147483647;
			files = (
			);
			runOnlyForDeploymentPostprocessing = 0;
		};
/* End PBXResourcesBuildPhase section */

/* Begin PBXSourcesBuildPhase section */
		92CA0F812EBC6B5B000582DB /* Sources */ = {
			isa = PBXSourcesBuildPhase;
			buildActionMask = 2147483647;
			files = (
			);
			runOnlyForDeploymentPostprocessing = 0;
		};
		92CA0F8E2EBC6B5C000582DB /* Sources */ = {
			isa = PBXSourcesBuildPhase;
			buildActionMask = 2147483647;
			files = (
			);
			runOnlyForDeploymentPostprocessing = 0;
		};
		92CA0F982EBC6B5C000582DB /* Sources */ = {
			isa = PBXSourcesBuildPhase;
			buildActionMask = 2147483647;
			files = (
			);
			runOnlyForDeploymentPostprocessing = 0;
		};
/* End PBXSourcesBuildPhase section */

/* Begin PBXTargetDependency section */
		92CA0F942EBC6B5C000582DB /* PBXTargetDependency */ = {
			isa = PBXTargetDependency;
			target = 92CA0F842EBC6B5B000582DB /* PickupPlayer */;
			targetProxy = 92CA0F932EBC6B5C000582DB /* PBXContainerItemProxy */;
		};
		92CA0F9E2EBC6B5C000582DB /* PBXTargetDependency */ = {
			isa = PBXTargetDependency;
			target = 92CA0F842EBC6B5B000582DB /* PickupPlayer */;
			targetProxy = 92CA0F9D2EBC6B5C000582DB /* PBXContainerItemProxy */;
		};
/* End PBXTargetDependency section */

/* Begin XCBuildConfiguration section */
		92CA0FA42EBC6B5C000582DB /* Debug */ = {
			isa = XCBuildConfiguration;
			buildSettings = {
				ALWAYS_SEARCH_USER_PATHS = NO;
				ASSETCATALOG_COMPILER_GENERATE_SWIFT_ASSET_SYMBOL_EXTENSIONS = YES;
				CLANG_ANALYZER_NONNULL = YES;
				CLANG_ANALYZER_NUMBER_OBJECT_CONVERSION = YES_AGGRESSIVE;
				CLANG_CXX_LANGUAGE_STANDARD = "gnu++20";
				CLANG_ENABLE_MODULES = YES;
				CLANG_ENABLE_OBJC_ARC = YES;
				CLANG_ENABLE_OBJC_WEAK = YES;
				CLANG_WARN_BLOCK_CAPTURE_AUTORELEASING = YES;
				CLANG_WARN_BOOL_CONVERSION = YES;
				CLANG_WARN_COMMA = YES;
				CLANG_WARN_CONSTANT_CONVERSION = YES;
				CLANG_WARN_DEPRECATED_OBJC_IMPLEMENTATIONS = YES;
				CLANG_WARN_DIRECT_OBJC_ISA_USAGE = YES_ERROR;
				CLANG_WARN_DOCUMENTATION_COMMENTS = YES;
				CLANG_WARN_EMPTY_BODY = YES;
				CLANG_WARN_ENUM_CONVERSION = YES;
				CLANG_WARN_INFINITE_RECURSION = YES;
				CLANG_WARN_INT_CONVERSION = YES;
				CLANG_WARN_NON_LITERAL_NULL_CONVERSION = YES;
				CLANG_WARN_OBJC_IMPLICIT_RETAIN_SELF = YES;
				CLANG_WARN_OBJC_LITERAL_CONVERSION = YES;
				CLANG_WARN_OBJC_ROOT_CLASS = YES_ERROR;
				CLANG_WARN_QUOTED_INCLUDE_IN_FRAMEWORK_HEADER = YES;
				CLANG_WARN_RANGE_LOOP_ANALYSIS = YES;
				CLANG_WARN_STRICT_PROTOTYPES = YES;
				CLANG_WARN_SUSPICIOUS_MOVE = YES;
				CLANG_WARN_UNGUARDED_AVAILABILITY = YES_AGGRESSIVE;
				CLANG_WARN_UNREACHABLE_CODE = YES;
				CLANG_WARN__DUPLICATE_METHOD_MATCH = YES;
				COPY_PHASE_STRIP = NO;
				DEBUG_INFORMATION_FORMAT = dwarf;
				DEVELOPMENT_TEAM = 4B4EJ2GHFC;
				ENABLE_STRICT_OBJC_MSGSEND = YES;
				ENABLE_TESTABILITY = YES;
				ENABLE_USER_SCRIPT_SANDBOXING = YES;
				GCC_C_LANGUAGE_STANDARD = gnu17;
				GCC_DYNAMIC_NO_PIC = NO;
				GCC_NO_COMMON_BLOCKS = YES;
				GCC_OPTIMIZATION_LEVEL = 0;
				GCC_PREPROCESSOR_DEFINITIONS = (
					"DEBUG=1",
					"$(inherited)",
				);
				GCC_WARN_64_TO_32_BIT_CONVERSION = YES;
				GCC_WARN_ABOUT_RETURN_TYPE = YES_ERROR;
				GCC_WARN_UNDECLARED_SELECTOR = YES;
				GCC_WARN_UNINITIALIZED_AUTOS = YES_AGGRESSIVE;
				GCC_WARN_UNUSED_FUNCTION = YES;
				GCC_WARN_UNUSED_VARIABLE = YES;
				IPHONEOS_DEPLOYMENT_TARGET = 26.1;
				LOCALIZATION_PREFERS_STRING_CATALOGS = YES;
				MTL_ENABLE_DEBUG_INFO = INCLUDE_SOURCE;
				MTL_FAST_MATH = YES;
				ONLY_ACTIVE_ARCH = YES;
				SDKROOT = iphoneos;
				SWIFT_ACTIVE_COMPILATION_CONDITIONS = "DEBUG $(inherited)";
				SWIFT_OPTIMIZATION_LEVEL = "-Onone";
			};
			name = Debug;
		};
		92CA0FA52EBC6B5C000582DB /* Release */ = {
			isa = XCBuildConfiguration;
			buildSettings = {
				ALWAYS_SEARCH_USER_PATHS = NO;
				ASSETCATALOG_COMPILER_GENERATE_SWIFT_ASSET_SYMBOL_EXTENSIONS = YES;
				CLANG_ANALYZER_NONNULL = YES;
				CLANG_ANALYZER_NUMBER_OBJECT_CONVERSION = YES_AGGRESSIVE;
				CLANG_CXX_LANGUAGE_STANDARD = "gnu++20";
				CLANG_ENABLE_MODULES = YES;
				CLANG_ENABLE_OBJC_ARC = YES;
				CLANG_ENABLE_OBJC_WEAK = YES;
				CLANG_WARN_BLOCK_CAPTURE_AUTORELEASING = YES;
				CLANG_WARN_BOOL_CONVERSION = YES;
				CLANG_WARN_COMMA = YES;
				CLANG_WARN_CONSTANT_CONVERSION = YES;
				CLANG_WARN_DEPRECATED_OBJC_IMPLEMENTATIONS = YES;
				CLANG_WARN_DIRECT_OBJC_ISA_USAGE = YES_ERROR;
				CLANG_WARN_DOCUMENTATION_COMMENTS = YES;
				CLANG_WARN_EMPTY_BODY = YES;
				CLANG_WARN_ENUM_CONVERSION = YES;
				CLANG_WARN_INFINITE_RECURSION = YES;
				CLANG_WARN_INT_CONVERSION = YES;
				CLANG_WARN_NON_LITERAL_NULL_CONVERSION = YES;
				CLANG_WARN_OBJC_IMPLICIT_RETAIN_SELF = YES;
				CLANG_WARN_OBJC_LITERAL_CONVERSION = YES;
				CLANG_WARN_OBJC_ROOT_CLASS = YES_ERROR;
				CLANG_WARN_QUOTED_INCLUDE_IN_FRAMEWORK_HEADER = YES;
				CLANG_WARN_RANGE_LOOP_ANALYSIS = YES;
				CLANG_WARN_STRICT_PROTOTYPES = YES;
				CLANG_WARN_SUSPICIOUS_MOVE = YES;
				CLANG_WARN_UNGUARDED_AVAILABILITY = YES_AGGRESSIVE;
				CLANG_WARN_UNREACHABLE_CODE = YES;
				CLANG_WARN__DUPLICATE_METHOD_MATCH = YES;
				COPY_PHASE_STRIP = NO;
				DEBUG_INFORMATION_FORMAT = "dwarf-with-dsym";
				DEVELOPMENT_TEAM = 4B4EJ2GHFC;
				ENABLE_NS_ASSERTIONS = NO;
				ENABLE_STRICT_OBJC_MSGSEND = YES;
				ENABLE_USER_SCRIPT_SANDBOXING = YES;
				GCC_C_LANGUAGE_STANDARD = gnu17;
				GCC_NO_COMMON_BLOCKS = YES;
				GCC_WARN_64_TO_32_BIT_CONVERSION = YES;
				GCC_WARN_ABOUT_RETURN_TYPE = YES_ERROR;
				GCC_WARN_UNDECLARED_SELECTOR = YES;
				GCC_WARN_UNINITIALIZED_AUTOS = YES_AGGRESSIVE;
				GCC_WARN_UNUSED_FUNCTION = YES;
				GCC_WARN_UNUSED_VARIABLE = YES;
				IPHONEOS_DEPLOYMENT_TARGET = 26.1;
				LOCALIZATION_PREFERS_STRING_CATALOGS = YES;
				MTL_ENABLE_DEBUG_INFO = NO;
				MTL_FAST_MATH = YES;
				SDKROOT = iphoneos;
				SWIFT_COMPILATION_MODE = wholemodule;
				VALIDATE_PRODUCT = YES;
			};
			name = Release;
		};
		92CA0FA72EBC6B5C000582DB /* Debug */ = {
			isa = XCBuildConfiguration;
			buildSettings = {
				ASSETCATALOG_COMPILER_APPICON_NAME = AppIcon;
				ASSETCATALOG_COMPILER_GLOBAL_ACCENT_COLOR_NAME = AccentColor;
				CODE_SIGN_STYLE = Automatic;
				CURRENT_PROJECT_VERSION = 1;
				DEVELOPMENT_TEAM = 4B4EJ2GHFC;
				ENABLE_PREVIEWS = YES;
				GENERATE_INFOPLIST_FILE = YES;
				INFOPLIST_FILE = PickupPlayer/Info.plist;
				INFOPLIST_KEY_CFBundleDisplayName = "Pickup Player";
				INFOPLIST_KEY_LSSupportsOpeningDocumentsInPlace = YES;
				INFOPLIST_KEY_NSAppleMusicUsageDescription = "音楽ライブラリからオーディオファイルを選択して再生するために使用します。";
				INFOPLIST_KEY_UIApplicationSceneManifest_Generation = YES;
				INFOPLIST_KEY_UIApplicationSupportsIndirectInputEvents = YES;
				INFOPLIST_KEY_UIBackgroundModes = audio;
				INFOPLIST_KEY_UILaunchScreen_Generation = YES;
				INFOPLIST_KEY_UISupportedInterfaceOrientations_iPad = "UIInterfaceOrientationPortrait UIInterfaceOrientationPortraitUpsideDown UIInterfaceOrientationLandscapeLeft UIInterfaceOrientationLandscapeRight";
				INFOPLIST_KEY_UISupportedInterfaceOrientations_iPhone = "UIInterfaceOrientationPortrait UIInterfaceOrientationLandscapeLeft UIInterfaceOrientationLandscapeRight";
				INFOPLIST_KEY_UISupportsDocumentBrowser = YES;
				LD_RUNPATH_SEARCH_PATHS = (
					"$(inherited)",
					"@executable_path/Frameworks",
				);
				MARKETING_VERSION = 1.0;
				PRODUCT_BUNDLE_IDENTIFIER = com.sato0123.PickupPlayer;
				PRODUCT_NAME = "$(TARGET_NAME)";
				STRING_CATALOG_GENERATE_SYMBOLS = YES;
				SWIFT_APPROACHABLE_CONCURRENCY = YES;
				SWIFT_DEFAULT_ACTOR_ISOLATION = MainActor;
				SWIFT_EMIT_LOC_STRINGS = YES;
				SWIFT_UPCOMING_FEATURE_MEMBER_IMPORT_VISIBILITY = YES;
				SWIFT_VERSION = 5.0;
				TARGETED_DEVICE_FAMILY = "1,2";
			};
			name = Debug;
		};
		92CA0FA82EBC6B5C000582DB /* Release */ = {
			isa = XCBuildConfiguration;
			buildSettings = {
				ASSETCATALOG_COMPILER_APPICON_NAME = AppIcon;
				ASSETCATALOG_COMPILER_GLOBAL_ACCENT_COLOR_NAME = AccentColor;
				CODE_SIGN_STYLE = Automatic;
				CURRENT_PROJECT_VERSION = 1;
				DEVELOPMENT_TEAM = 4B4EJ2GHFC;
				ENABLE_PREVIEWS = YES;
				GENERATE_INFOPLIST_FILE = YES;
				INFOPLIST_FILE = PickupPlayer/Info.plist;
				INFOPLIST_KEY_CFBundleDisplayName = "Pickup Player";
				INFOPLIST_KEY_LSSupportsOpeningDocumentsInPlace = YES;
				INFOPLIST_KEY_NSAppleMusicUsageDescription = "音楽ライブラリからオーディオファイルを選択して再生するために使用します。";
				INFOPLIST_KEY_UIApplicationSceneManifest_Generation = YES;
				INFOPLIST_KEY_UIApplicationSupportsIndirectInputEvents = YES;
				INFOPLIST_KEY_UIBackgroundModes = audio;
				INFOPLIST_KEY_UILaunchScreen_Generation = YES;
				INFOPLIST_KEY_UISupportedInterfaceOrientations_iPad = "UIInterfaceOrientationPortrait UIInterfaceOrientationPortraitUpsideDown UIInterfaceOrientationLandscapeLeft UIInterfaceOrientationLandscapeRight";
				INFOPLIST_KEY_UISupportedInterfaceOrientations_iPhone = "UIInterfaceOrientationPortrait UIInterfaceOrientationLandscapeLeft UIInterfaceOrientationLandscapeRight";
				INFOPLIST_KEY_UISupportsDocumentBrowser = YES;
				LD_RUNPATH_SEARCH_PATHS = (
					"$(inherited)",
					"@executable_path/Frameworks",
				);
				MARKETING_VERSION = 1.0;
				PRODUCT_BUNDLE_IDENTIFIER = com.sato0123.PickupPlayer;
				PRODUCT_NAME = "$(TARGET_NAME)";
				STRING_CATALOG_GENERATE_SYMBOLS = YES;
				SWIFT_APPROACHABLE_CONCURRENCY = YES;
				SWIFT_DEFAULT_ACTOR_ISOLATION = MainActor;
				SWIFT_EMIT_LOC_STRINGS = YES;
				SWIFT_UPCOMING_FEATURE_MEMBER_IMPORT_VISIBILITY = YES;
				SWIFT_VERSION = 5.0;
				TARGETED_DEVICE_FAMILY = "1,2";
			};
			name = Release;
		};
		92CA0FAA2EBC6B5C000582DB /* Debug */ = {
			isa = XCBuildConfiguration;
			buildSettings = {
				BUNDLE_LOADER = "$(TEST_HOST)";
				CODE_SIGN_STYLE = Automatic;
				CURRENT_PROJECT_VERSION = 1;
				DEVELOPMENT_TEAM = 4B4EJ2GHFC;
				GENERATE_INFOPLIST_FILE = YES;
				IPHONEOS_DEPLOYMENT_TARGET = 26.1;
				MARKETING_VERSION = 1.0;
				PRODUCT_BUNDLE_IDENTIFIER = com.sato0123.AudioFilePlayerTests;
				PRODUCT_NAME = "$(TARGET_NAME)";
				STRING_CATALOG_GENERATE_SYMBOLS = NO;
				SWIFT_APPROACHABLE_CONCURRENCY = YES;
				SWIFT_EMIT_LOC_STRINGS = NO;
				SWIFT_UPCOMING_FEATURE_MEMBER_IMPORT_VISIBILITY = YES;
				SWIFT_VERSION = 5.0;
				TARGETED_DEVICE_FAMILY = "1,2";
				TEST_HOST = "$(BUILT_PRODUCTS_DIR)/PickupPlayer.app/$(BUNDLE_EXECUTABLE_FOLDER_PATH)/PickupPlayer";
			};
			name = Debug;
		};
		92CA0FAB2EBC6B5C000582DB /* Release */ = {
			isa = XCBuildConfiguration;
			buildSettings = {
				BUNDLE_LOADER = "$(TEST_HOST)";
				CODE_SIGN_STYLE = Automatic;
				CURRENT_PROJECT_VERSION = 1;
				DEVELOPMENT_TEAM = 4B4EJ2GHFC;
				GENERATE_INFOPLIST_FILE = YES;
				IPHONEOS_DEPLOYMENT_TARGET = 26.1;
				MARKETING_VERSION = 1.0;
				PRODUCT_BUNDLE_IDENTIFIER = com.sato0123.AudioFilePlayerTests;
				PRODUCT_NAME = "$(TARGET_NAME)";
				STRING_CATALOG_GENERATE_SYMBOLS = NO;
				SWIFT_APPROACHABLE_CONCURRENCY = YES;
				SWIFT_EMIT_LOC_STRINGS = NO;
				SWIFT_UPCOMING_FEATURE_MEMBER_IMPORT_VISIBILITY = YES;
				SWIFT_VERSION = 5.0;
				TARGETED_DEVICE_FAMILY = "1,2";
				TEST_HOST = "$(BUILT_PRODUCTS_DIR)/PickupPlayer.app/$(BUNDLE_EXECUTABLE_FOLDER_PATH)/PickupPlayer";
			};
			name = Release;
		};
		92CA0FAD2EBC6B5C000582DB /* Debug */ = {
			isa = XCBuildConfiguration;
			buildSettings = {
				CODE_SIGN_STYLE = Automatic;
				CURRENT_PROJECT_VERSION = 1;
				DEVELOPMENT_TEAM = 4B4EJ2GHFC;
				GENERATE_INFOPLIST_FILE = YES;
				MARKETING_VERSION = 1.0;
				PRODUCT_BUNDLE_IDENTIFIER = com.sato0123.AudioFilePlayerUITests;
				PRODUCT_NAME = "$(TARGET_NAME)";
				STRING_CATALOG_GENERATE_SYMBOLS = NO;
				SWIFT_APPROACHABLE_CONCURRENCY = YES;
				SWIFT_EMIT_LOC_STRINGS = NO;
				SWIFT_UPCOMING_FEATURE_MEMBER_IMPORT_VISIBILITY = YES;
				SWIFT_VERSION = 5.0;
				TARGETED_DEVICE_FAMILY = "1,2";
				TEST_TARGET_NAME = AudioFilePlayer;
			};
			name = Debug;
		};
		92CA0FAE2EBC6B5C000582DB /* Release */ = {
			isa = XCBuildConfiguration;
			buildSettings = {
				CODE_SIGN_STYLE = Automatic;
				CURRENT_PROJECT_VERSION = 1;
				DEVELOPMENT_TEAM = 4B4EJ2GHFC;
				GENERATE_INFOPLIST_FILE = YES;
				MARKETING_VERSION = 1.0;
				PRODUCT_BUNDLE_IDENTIFIER = com.sato0123.AudioFilePlayerUITests;
				PRODUCT_NAME = "$(TARGET_NAME)";
				STRING_CATALOG_GENERATE_SYMBOLS = NO;
				SWIFT_APPROACHABLE_CONCURRENCY = YES;
				SWIFT_EMIT_LOC_STRINGS = NO;
				SWIFT_UPCOMING_FEATURE_MEMBER_IMPORT_VISIBILITY = YES;
				SWIFT_VERSION = 5.0;
				TARGETED_DEVICE_FAMILY = "1,2";
				TEST_TARGET_NAME = AudioFilePlayer;
			};
			name = Release;
		};
/* End XCBuildConfiguration section */

/* Begin XCConfigurationList section */
		92CA0F802EBC6B5B000582DB /* Build configuration list for PBXProject "PickupPlayer" */ = {
			isa = XCConfigurationList;
			buildConfigurations = (
				92CA0FA42EBC6B5C000582DB /* Debug */,
				92CA0FA52EBC6B5C000582DB /* Release */,
			);
			defaultConfigurationIsVisible = 0;
			defaultConfigurationName = Release;
		};
		92CA0FA62EBC6B5C000582DB /* Build configuration list for PBXNativeTarget "PickupPlayer" */ = {
			isa = XCConfigurationList;
			buildConfigurations = (
				92CA0FA72EBC6B5C000582DB /* Debug */,
				92CA0FA82EBC6B5C000582DB /* Release */,
			);
			defaultConfigurationIsVisible = 0;
			defaultConfigurationName = Release;
		};
		92CA0FA92EBC6B5C000582DB /* Build configuration list for PBXNativeTarget "PickupPlayerTests" */ = {
			isa = XCConfigurationList;
			buildConfigurations = (
				92CA0FAA2EBC6B5C000582DB /* Debug */,
				92CA0FAB2EBC6B5C000582DB /* Release */,
			);
			defaultConfigurationIsVisible = 0;
			defaultConfigurationName = Release;
		};
		92CA0FAC2EBC6B5C000582DB /* Build configuration list for PBXNativeTarget "PickupPlayerUITests" */ = {
			isa = XCConfigurationList;
			buildConfigurations = (
				92CA0FAD2EBC6B5C000582DB /* Debug */,
				92CA0FAE2EBC6B5C000582DB /* Release */,
			);
			defaultConfigurationIsVisible = 0;
			defaultConfigurationName = Release;
		};
/* End XCConfigurationList section */
	};
	rootObject = 92CA0F7D2EBC6B5B000582DB /* Project object */;
}
